// !$*UTF8*$!
{
	archiveVersion = 1;
	classes = {
	};
	objectVersion = 48;
	objects = {

/* Begin PBXBuildFile section */
		C045F923200A107E00B49F76 /* AppDelegate.swift in Sources */ = {isa = PBXBuildFile; fileRef = C045F922200A107E00B49F76 /* AppDelegate.swift */; };
		C045F925200A107E00B49F76 /* ViewController.swift in Sources */ = {isa = PBXBuildFile; fileRef = C045F924200A107E00B49F76 /* ViewController.swift */; };
		C045F928200A107E00B49F76 /* Main.storyboard in Resources */ = {isa = PBXBuildFile; fileRef = C045F926200A107E00B49F76 /* Main.storyboard */; };
		C045F92A200A107E00B49F76 /* Assets.xcassets in Resources */ = {isa = PBXBuildFile; fileRef = C045F929200A107E00B49F76 /* Assets.xcassets */; };
		C045F92D200A107E00B49F76 /* LaunchScreen.storyboard in Resources */ = {isa = PBXBuildFile; fileRef = C045F92B200A107E00B49F76 /* LaunchScreen.storyboard */; };
		C045F938200A107E00B49F76 /* ZRChatTests.swift in Sources */ = {isa = PBXBuildFile; fileRef = C045F937200A107E00B49F76 /* ZRChatTests.swift */; };
		C045F943200A107E00B49F76 /* ZRChatUITests.swift in Sources */ = {isa = PBXBuildFile; fileRef = C045F942200A107E00B49F76 /* ZRChatUITests.swift */; };
		C0B6B5F620173DB1006774F6 /* ZRToolBar+Keyboard.swift in Sources */ = {isa = PBXBuildFile; fileRef = C0B6B5C620173DB1006774F6 /* ZRToolBar+Keyboard.swift */; };
		C0B6B61320173DB1006774F6 /* RecordIndicator.swift in Sources */ = {isa = PBXBuildFile; fileRef = C0B6B5E420173DB1006774F6 /* RecordIndicator.swift */; };
		C0B6B61420173DB1006774F6 /* ZRKeyBoardType.swift in Sources */ = {isa = PBXBuildFile; fileRef = C0B6B5E520173DB1006774F6 /* ZRKeyBoardType.swift */; };
		C0B6B61520173DB1006774F6 /* ZRMoreView.swift in Sources */ = {isa = PBXBuildFile; fileRef = C0B6B5E720173DB1006774F6 /* ZRMoreView.swift */; };
		C0B6B61620173DB1006774F6 /* ZRMoreCell.swift in Sources */ = {isa = PBXBuildFile; fileRef = C0B6B5E820173DB1006774F6 /* ZRMoreCell.swift */; };
		C0B6B61720173DB1006774F6 /* ZRMoreModel.swift in Sources */ = {isa = PBXBuildFile; fileRef = C0B6B5E920173DB1006774F6 /* ZRMoreModel.swift */; };
		C0B6B61820173DB1006774F6 /* ZRMoreCollectionView.swift in Sources */ = {isa = PBXBuildFile; fileRef = C0B6B5EA20173DB1006774F6 /* ZRMoreCollectionView.swift */; };
		C0B6B61920173DB1006774F6 /* UIExtension.swift in Sources */ = {isa = PBXBuildFile; fileRef = C0B6B5EB20173DB1006774F6 /* UIExtension.swift */; };
		C0B6B61A20173DB1006774F6 /* ZRButton.swift in Sources */ = {isa = PBXBuildFile; fileRef = C0B6B5EC20173DB1006774F6 /* ZRButton.swift */; };
		C0B6B61B20173DB1006774F6 /* ZRToolBarDelegate.swift in Sources */ = {isa = PBXBuildFile; fileRef = C0B6B5ED20173DB1006774F6 /* ZRToolBarDelegate.swift */; };
		C0B6B61C20173DB1006774F6 /* ZRToolBar.swift in Sources */ = {isa = PBXBuildFile; fileRef = C0B6B5EE20173DB1006774F6 /* ZRToolBar.swift */; };
		C0B6B61D20173DB1006774F6 /* ZRToolBar+Record.swift in Sources */ = {isa = PBXBuildFile; fileRef = C0B6B5EF20173DB1006774F6 /* ZRToolBar+Record.swift */; };
		C0B6B61E20173DB1006774F6 /* ZRToolBar+Layout.swift in Sources */ = {isa = PBXBuildFile; fileRef = C0B6B5F020173DB1006774F6 /* ZRToolBar+Layout.swift */; };
		C0B6B61F20173DB1006774F6 /* ZREmojisCell.swift in Sources */ = {isa = PBXBuildFile; fileRef = C0B6B5F220173DB1006774F6 /* ZREmojisCell.swift */; };
		C0B6B62020173DB1006774F6 /* ZREmotionView.swift in Sources */ = {isa = PBXBuildFile; fileRef = C0B6B5F320173DB1006774F6 /* ZREmotionView.swift */; };
		C0B6B62120173DB1006774F6 /* ZREmojisModel.swift in Sources */ = {isa = PBXBuildFile; fileRef = C0B6B5F420173DB1006774F6 /* ZREmojisModel.swift */; };
		C0B6B62220173DB1006774F6 /* ZREmotionCollectionView.swift in Sources */ = {isa = PBXBuildFile; fileRef = C0B6B5F520173DB1006774F6 /* ZREmotionCollectionView.swift */; };
		C0F3738F20172D96009B8C3A /* Emojis.swift in Sources */ = {isa = PBXBuildFile; fileRef = C0F3738E20172D96009B8C3A /* Emojis.swift */; };
/* End PBXBuildFile section */

/* Begin PBXContainerItemProxy section */
		C045F934200A107E00B49F76 /* PBXContainerItemProxy */ = {
			isa = PBXContainerItemProxy;
			containerPortal = C045F917200A107D00B49F76 /* Project object */;
			proxyType = 1;
			remoteGlobalIDString = C045F91E200A107E00B49F76;
			remoteInfo = ZRChat;
		};
		C045F93F200A107E00B49F76 /* PBXContainerItemProxy */ = {
			isa = PBXContainerItemProxy;
			containerPortal = C045F917200A107D00B49F76 /* Project object */;
			proxyType = 1;
			remoteGlobalIDString = C045F91E200A107E00B49F76;
			remoteInfo = ZRChat;
		};
/* End PBXContainerItemProxy section */

/* Begin PBXFileReference section */
		C045F91F200A107E00B49F76 /* ZRChat.app */ = {isa = PBXFileReference; explicitFileType = wrapper.application; includeInIndex = 0; path = ZRChat.app; sourceTree = BUILT_PRODUCTS_DIR; };
		C045F922200A107E00B49F76 /* AppDelegate.swift */ = {isa = PBXFileReference; lastKnownFileType = sourcecode.swift; path = AppDelegate.swift; sourceTree = "<group>"; };
		C045F924200A107E00B49F76 /* ViewController.swift */ = {isa = PBXFileReference; lastKnownFileType = sourcecode.swift; path = ViewController.swift; sourceTree = "<group>"; };
		C045F927200A107E00B49F76 /* Base */ = {isa = PBXFileReference; lastKnownFileType = file.storyboard; name = Base; path = Base.lproj/Main.storyboard; sourceTree = "<group>"; };
		C045F929200A107E00B49F76 /* Assets.xcassets */ = {isa = PBXFileReference; lastKnownFileType = folder.assetcatalog; path = Assets.xcassets; sourceTree = "<group>"; };
		C045F92C200A107E00B49F76 /* Base */ = {isa = PBXFileReference; lastKnownFileType = file.storyboard; name = Base; path = Base.lproj/LaunchScreen.storyboard; sourceTree = "<group>"; };
		C045F92E200A107E00B49F76 /* Info.plist */ = {isa = PBXFileReference; lastKnownFileType = text.plist.xml; path = Info.plist; sourceTree = "<group>"; };
		C045F933200A107E00B49F76 /* ZRChatTests.xctest */ = {isa = PBXFileReference; explicitFileType = wrapper.cfbundle; includeInIndex = 0; path = ZRChatTests.xctest; sourceTree = BUILT_PRODUCTS_DIR; };
		C045F937200A107E00B49F76 /* ZRChatTests.swift */ = {isa = PBXFileReference; lastKnownFileType = sourcecode.swift; path = ZRChatTests.swift; sourceTree = "<group>"; };
		C045F939200A107E00B49F76 /* Info.plist */ = {isa = PBXFileReference; lastKnownFileType = text.plist.xml; path = Info.plist; sourceTree = "<group>"; };
		C045F93E200A107E00B49F76 /* ZRChatUITests.xctest */ = {isa = PBXFileReference; explicitFileType = wrapper.cfbundle; includeInIndex = 0; path = ZRChatUITests.xctest; sourceTree = BUILT_PRODUCTS_DIR; };
		C045F942200A107E00B49F76 /* ZRChatUITests.swift */ = {isa = PBXFileReference; lastKnownFileType = sourcecode.swift; path = ZRChatUITests.swift; sourceTree = "<group>"; };
		C045F944200A107E00B49F76 /* Info.plist */ = {isa = PBXFileReference; lastKnownFileType = text.plist.xml; path = Info.plist; sourceTree = "<group>"; };
		C0B6B5C620173DB1006774F6 /* ZRToolBar+Keyboard.swift */ = {isa = PBXFileReference; fileEncoding = 4; lastKnownFileType = sourcecode.swift; path = "ZRToolBar+Keyboard.swift"; sourceTree = "<group>"; };
		C0B6B5E420173DB1006774F6 /* RecordIndicator.swift */ = {isa = PBXFileReference; fileEncoding = 4; lastKnownFileType = sourcecode.swift; path = RecordIndicator.swift; sourceTree = "<group>"; };
		C0B6B5E520173DB1006774F6 /* ZRKeyBoardType.swift */ = {isa = PBXFileReference; fileEncoding = 4; lastKnownFileType = sourcecode.swift; path = ZRKeyBoardType.swift; sourceTree = "<group>"; };
		C0B6B5E720173DB1006774F6 /* ZRMoreView.swift */ = {isa = PBXFileReference; fileEncoding = 4; lastKnownFileType = sourcecode.swift; path = ZRMoreView.swift; sourceTree = "<group>"; };
		C0B6B5E820173DB1006774F6 /* ZRMoreCell.swift */ = {isa = PBXFileReference; fileEncoding = 4; lastKnownFileType = sourcecode.swift; path = ZRMoreCell.swift; sourceTree = "<group>"; };
		C0B6B5E920173DB1006774F6 /* ZRMoreModel.swift */ = {isa = PBXFileReference; fileEncoding = 4; lastKnownFileType = sourcecode.swift; path = ZRMoreModel.swift; sourceTree = "<group>"; };
		C0B6B5EA20173DB1006774F6 /* ZRMoreCollectionView.swift */ = {isa = PBXFileReference; fileEncoding = 4; lastKnownFileType = sourcecode.swift; path = ZRMoreCollectionView.swift; sourceTree = "<group>"; };
		C0B6B5EB20173DB1006774F6 /* UIExtension.swift */ = {isa = PBXFileReference; fileEncoding = 4; lastKnownFileType = sourcecode.swift; path = UIExtension.swift; sourceTree = "<group>"; };
		C0B6B5EC20173DB1006774F6 /* ZRButton.swift */ = {isa = PBXFileReference; fileEncoding = 4; lastKnownFileType = sourcecode.swift; path = ZRButton.swift; sourceTree = "<group>"; };
		C0B6B5ED20173DB1006774F6 /* ZRToolBarDelegate.swift */ = {isa = PBXFileReference; fileEncoding = 4; lastKnownFileType = sourcecode.swift; path = ZRToolBarDelegate.swift; sourceTree = "<group>"; };
		C0B6B5EE20173DB1006774F6 /* ZRToolBar.swift */ = {isa = PBXFileReference; fileEncoding = 4; lastKnownFileType = sourcecode.swift; path = ZRToolBar.swift; sourceTree = "<group>"; };
		C0B6B5EF20173DB1006774F6 /* ZRToolBar+Record.swift */ = {isa = PBXFileReference; fileEncoding = 4; lastKnownFileType = sourcecode.swift; path = "ZRToolBar+Record.swift"; sourceTree = "<group>"; };
		C0B6B5F020173DB1006774F6 /* ZRToolBar+Layout.swift */ = {isa = PBXFileReference; fileEncoding = 4; lastKnownFileType = sourcecode.swift; path = "ZRToolBar+Layout.swift"; sourceTree = "<group>"; };
		C0B6B5F220173DB1006774F6 /* ZREmojisCell.swift */ = {isa = PBXFileReference; fileEncoding = 4; lastKnownFileType = sourcecode.swift; path = ZREmojisCell.swift; sourceTree = "<group>"; };
		C0B6B5F320173DB1006774F6 /* ZREmotionView.swift */ = {isa = PBXFileReference; fileEncoding = 4; lastKnownFileType = sourcecode.swift; path = ZREmotionView.swift; sourceTree = "<group>"; };
		C0B6B5F420173DB1006774F6 /* ZREmojisModel.swift */ = {isa = PBXFileReference; fileEncoding = 4; lastKnownFileType = sourcecode.swift; path = ZREmojisModel.swift; sourceTree = "<group>"; };
		C0B6B5F520173DB1006774F6 /* ZREmotionCollectionView.swift */ = {isa = PBXFileReference; fileEncoding = 4; lastKnownFileType = sourcecode.swift; path = ZREmotionCollectionView.swift; sourceTree = "<group>"; };
		C0F3738E20172D96009B8C3A /* Emojis.swift */ = {isa = PBXFileReference; fileEncoding = 4; lastKnownFileType = sourcecode.swift; path = Emojis.swift; sourceTree = "<group>"; };
/* End PBXFileReference section */

/* Begin PBXFrameworksBuildPhase section */
		C045F91C200A107E00B49F76 /* Frameworks */ = {
			isa = PBXFrameworksBuildPhase;
			buildActionMask = 2147483647;
			files = (
			);
			runOnlyForDeploymentPostprocessing = 0;
		};
		C045F930200A107E00B49F76 /* Frameworks */ = {
			isa = PBXFrameworksBuildPhase;
			buildActionMask = 2147483647;
			files = (
			);
			runOnlyForDeploymentPostprocessing = 0;
		};
		C045F93B200A107E00B49F76 /* Frameworks */ = {
			isa = PBXFrameworksBuildPhase;
			buildActionMask = 2147483647;
			files = (
			);
			runOnlyForDeploymentPostprocessing = 0;
		};
/* End PBXFrameworksBuildPhase section */

/* Begin PBXGroup section */
		C045F916200A107D00B49F76 = {
			isa = PBXGroup;
			children = (
				C045F921200A107E00B49F76 /* ZRChat */,
				C045F936200A107E00B49F76 /* ZRChatTests */,
				C045F941200A107E00B49F76 /* ZRChatUITests */,
				C045F920200A107E00B49F76 /* Products */,
			);
			sourceTree = "<group>";
		};
		C045F920200A107E00B49F76 /* Products */ = {
			isa = PBXGroup;
			children = (
				C045F91F200A107E00B49F76 /* ZRChat.app */,
				C045F933200A107E00B49F76 /* ZRChatTests.xctest */,
				C045F93E200A107E00B49F76 /* ZRChatUITests.xctest */,
			);
			name = Products;
			sourceTree = "<group>";
		};
		C045F921200A107E00B49F76 /* ZRChat */ = {
			isa = PBXGroup;
			children = (
				C0B6B5C520173DB1006774F6 /* ToolBar */,
				C045F922200A107E00B49F76 /* AppDelegate.swift */,
				C0F3738E20172D96009B8C3A /* Emojis.swift */,
				C045F924200A107E00B49F76 /* ViewController.swift */,
				C045F926200A107E00B49F76 /* Main.storyboard */,
				C045F929200A107E00B49F76 /* Assets.xcassets */,
				C045F92B200A107E00B49F76 /* LaunchScreen.storyboard */,
				C045F92E200A107E00B49F76 /* Info.plist */,
			);
			path = ZRChat;
			sourceTree = "<group>";
		};
		C045F936200A107E00B49F76 /* ZRChatTests */ = {
			isa = PBXGroup;
			children = (
				C045F937200A107E00B49F76 /* ZRChatTests.swift */,
				C045F939200A107E00B49F76 /* Info.plist */,
			);
			path = ZRChatTests;
			sourceTree = "<group>";
		};
		C045F941200A107E00B49F76 /* ZRChatUITests */ = {
			isa = PBXGroup;
			children = (
				C045F942200A107E00B49F76 /* ZRChatUITests.swift */,
				C045F944200A107E00B49F76 /* Info.plist */,
			);
			path = ZRChatUITests;
			sourceTree = "<group>";
		};
		C0B6B5C520173DB1006774F6 /* ToolBar */ = {
			isa = PBXGroup;
			children = (
				C0B6B5C620173DB1006774F6 /* ZRToolBar+Keyboard.swift */,
				C0B6B5E420173DB1006774F6 /* RecordIndicator.swift */,
				C0B6B5E520173DB1006774F6 /* ZRKeyBoardType.swift */,
				C0B6B5EB20173DB1006774F6 /* UIExtension.swift */,
				C0B6B5EC20173DB1006774F6 /* ZRButton.swift */,
				C0B6B5ED20173DB1006774F6 /* ZRToolBarDelegate.swift */,
				C0B6B5EE20173DB1006774F6 /* ZRToolBar.swift */,
				C0B6B5EF20173DB1006774F6 /* ZRToolBar+Record.swift */,
				C0B6B5F020173DB1006774F6 /* ZRToolBar+Layout.swift */,
				C0B6B5E620173DB1006774F6 /* More */,
				C0B6B5F120173DB1006774F6 /* Emotion */,
			);
			name = ToolBar;
			path = ../../ToolBar;
			sourceTree = "<group>";
		};
		C0B6B5E620173DB1006774F6 /* More */ = {
			isa = PBXGroup;
			children = (
				C0B6B5E720173DB1006774F6 /* ZRMoreView.swift */,
				C0B6B5E820173DB1006774F6 /* ZRMoreCell.swift */,
				C0B6B5E920173DB1006774F6 /* ZRMoreModel.swift */,
				C0B6B5EA20173DB1006774F6 /* ZRMoreCollectionView.swift */,
			);
			path = More;
			sourceTree = "<group>";
		};
		C0B6B5F120173DB1006774F6 /* Emotion */ = {
			isa = PBXGroup;
			children = (
				C0B6B5F220173DB1006774F6 /* ZREmojisCell.swift */,
				C0B6B5F320173DB1006774F6 /* ZREmotionView.swift */,
				C0B6B5F420173DB1006774F6 /* ZREmojisModel.swift */,
				C0B6B5F520173DB1006774F6 /* ZREmotionCollectionView.swift */,
			);
			path = Emotion;
			sourceTree = "<group>";
		};
/* End PBXGroup section */

/* Begin PBXNativeTarget section */
		C045F91E200A107E00B49F76 /* ZRChat */ = {
			isa = PBXNativeTarget;
			buildConfigurationList = C045F947200A107E00B49F76 /* Build configuration list for PBXNativeTarget "ZRChat" */;
			buildPhases = (
				C045F91B200A107E00B49F76 /* Sources */,
				C045F91C200A107E00B49F76 /* Frameworks */,
				C045F91D200A107E00B49F76 /* Resources */,
			);
			buildRules = (
			);
			dependencies = (
			);
			name = ZRChat;
			productName = ZRChat;
			productReference = C045F91F200A107E00B49F76 /* ZRChat.app */;
			productType = "com.apple.product-type.application";
		};
		C045F932200A107E00B49F76 /* ZRChatTests */ = {
			isa = PBXNativeTarget;
			buildConfigurationList = C045F94A200A107E00B49F76 /* Build configuration list for PBXNativeTarget "ZRChatTests" */;
			buildPhases = (
				C045F92F200A107E00B49F76 /* Sources */,
				C045F930200A107E00B49F76 /* Frameworks */,
				C045F931200A107E00B49F76 /* Resources */,
			);
			buildRules = (
			);
			dependencies = (
				C045F935200A107E00B49F76 /* PBXTargetDependency */,
			);
			name = ZRChatTests;
			productName = ZRChatTests;
			productReference = C045F933200A107E00B49F76 /* ZRChatTests.xctest */;
			productType = "com.apple.product-type.bundle.unit-test";
		};
		C045F93D200A107E00B49F76 /* ZRChatUITests */ = {
			isa = PBXNativeTarget;
			buildConfigurationList = C045F94D200A107E00B49F76 /* Build configuration list for PBXNativeTarget "ZRChatUITests" */;
			buildPhases = (
				C045F93A200A107E00B49F76 /* Sources */,
				C045F93B200A107E00B49F76 /* Frameworks */,
				C045F93C200A107E00B49F76 /* Resources */,
			);
			buildRules = (
			);
			dependencies = (
				C045F940200A107E00B49F76 /* PBXTargetDependency */,
			);
			name = ZRChatUITests;
			productName = ZRChatUITests;
			productReference = C045F93E200A107E00B49F76 /* ZRChatUITests.xctest */;
			productType = "com.apple.product-type.bundle.ui-testing";
		};
/* End PBXNativeTarget section */

/* Begin PBXProject section */
		C045F917200A107D00B49F76 /* Project object */ = {
			isa = PBXProject;
			attributes = {
				LastSwiftUpdateCheck = 0920;
				LastUpgradeCheck = 0920;
				ORGANIZATIONNAME = Zero;
				TargetAttributes = {
					C045F91E200A107E00B49F76 = {
						CreatedOnToolsVersion = 9.2;
						ProvisioningStyle = Manual;
					};
					C045F932200A107E00B49F76 = {
						CreatedOnToolsVersion = 9.2;
						ProvisioningStyle = Automatic;
						TestTargetID = C045F91E200A107E00B49F76;
					};
					C045F93D200A107E00B49F76 = {
						CreatedOnToolsVersion = 9.2;
						ProvisioningStyle = Automatic;
						TestTargetID = C045F91E200A107E00B49F76;
					};
				};
			};
			buildConfigurationList = C045F91A200A107D00B49F76 /* Build configuration list for PBXProject "ZRChat" */;
			compatibilityVersion = "Xcode 8.0";
			developmentRegion = en;
			hasScannedForEncodings = 0;
			knownRegions = (
				en,
				Base,
			);
			mainGroup = C045F916200A107D00B49F76;
			productRefGroup = C045F920200A107E00B49F76 /* Products */;
			projectDirPath = "";
			projectRoot = "";
			targets = (
				C045F91E200A107E00B49F76 /* ZRChat */,
				C045F932200A107E00B49F76 /* ZRChatTests */,
				C045F93D200A107E00B49F76 /* ZRChatUITests */,
			);
		};
/* End PBXProject section */

/* Begin PBXResourcesBuildPhase section */
		C045F91D200A107E00B49F76 /* Resources */ = {
			isa = PBXResourcesBuildPhase;
			buildActionMask = 2147483647;
			files = (
				C045F92D200A107E00B49F76 /* LaunchScreen.storyboard in Resources */,
				C045F92A200A107E00B49F76 /* Assets.xcassets in Resources */,
				C045F928200A107E00B49F76 /* Main.storyboard in Resources */,
			);
			runOnlyForDeploymentPostprocessing = 0;
		};
		C045F931200A107E00B49F76 /* Resources */ = {
			isa = PBXResourcesBuildPhase;
			buildActionMask = 2147483647;
			files = (
			);
			runOnlyForDeploymentPostprocessing = 0;
		};
		C045F93C200A107E00B49F76 /* Resources */ = {
			isa = PBXResourcesBuildPhase;
			buildActionMask = 2147483647;
			files = (
			);
			runOnlyForDeploymentPostprocessing = 0;
		};
/* End PBXResourcesBuildPhase section */

/* Begin PBXSourcesBuildPhase section */
		C045F91B200A107E00B49F76 /* Sources */ = {
			isa = PBXSourcesBuildPhase;
			buildActionMask = 2147483647;
			files = (
				C0B6B61A20173DB1006774F6 /* ZRButton.swift in Sources */,
				C0B6B62220173DB1006774F6 /* ZREmotionCollectionView.swift in Sources */,
				C0B6B61E20173DB1006774F6 /* ZRToolBar+Layout.swift in Sources */,
				C0B6B61420173DB1006774F6 /* ZRKeyBoardType.swift in Sources */,
				C0F3738F20172D96009B8C3A /* Emojis.swift in Sources */,
				C0B6B61D20173DB1006774F6 /* ZRToolBar+Record.swift in Sources */,
				C0B6B61C20173DB1006774F6 /* ZRToolBar.swift in Sources */,
				C0B6B62020173DB1006774F6 /* ZREmotionView.swift in Sources */,
				C0B6B61920173DB1006774F6 /* UIExtension.swift in Sources */,
				C045F925200A107E00B49F76 /* ViewController.swift in Sources */,
				C0B6B62120173DB1006774F6 /* ZREmojisModel.swift in Sources */,
				C0B6B61520173DB1006774F6 /* ZRMoreView.swift in Sources */,
				C0B6B61320173DB1006774F6 /* RecordIndicator.swift in Sources */,
				C0B6B61F20173DB1006774F6 /* ZREmojisCell.swift in Sources */,
				C045F923200A107E00B49F76 /* AppDelegate.swift in Sources */,
				C0B6B61720173DB1006774F6 /* ZRMoreModel.swift in Sources */,
				C0B6B61B20173DB1006774F6 /* ZRToolBarDelegate.swift in Sources */,
				C0B6B61620173DB1006774F6 /* ZRMoreCell.swift in Sources */,
				C0B6B61820173DB1006774F6 /* ZRMoreCollectionView.swift in Sources */,
				C0B6B5F620173DB1006774F6 /* ZRToolBar+Keyboard.swift in Sources */,
			);
			runOnlyForDeploymentPostprocessing = 0;
		};
		C045F92F200A107E00B49F76 /* Sources */ = {
			isa = PBXSourcesBuildPhase;
			buildActionMask = 2147483647;
			files = (
				C045F938200A107E00B49F76 /* ZRChatTests.swift in Sources */,
			);
			runOnlyForDeploymentPostprocessing = 0;
		};
		C045F93A200A107E00B49F76 /* Sources */ = {
			isa = PBXSourcesBuildPhase;
			buildActionMask = 2147483647;
			files = (
				C045F943200A107E00B49F76 /* ZRChatUITests.swift in Sources */,
			);
			runOnlyForDeploymentPostprocessing = 0;
		};
/* End PBXSourcesBuildPhase section */

/* Begin PBXTargetDependency section */
		C045F935200A107E00B49F76 /* PBXTargetDependency */ = {
			isa = PBXTargetDependency;
			target = C045F91E200A107E00B49F76 /* ZRChat */;
			targetProxy = C045F934200A107E00B49F76 /* PBXContainerItemProxy */;
		};
		C045F940200A107E00B49F76 /* PBXTargetDependency */ = {
			isa = PBXTargetDependency;
			target = C045F91E200A107E00B49F76 /* ZRChat */;
			targetProxy = C045F93F200A107E00B49F76 /* PBXContainerItemProxy */;
		};
/* End PBXTargetDependency section */

/* Begin PBXVariantGroup section */
		C045F926200A107E00B49F76 /* Main.storyboard */ = {
			isa = PBXVariantGroup;
			children = (
				C045F927200A107E00B49F76 /* Base */,
			);
			name = Main.storyboard;
			sourceTree = "<group>";
		};
		C045F92B200A107E00B49F76 /* LaunchScreen.storyboard */ = {
			isa = PBXVariantGroup;
			children = (
				C045F92C200A107E00B49F76 /* Base */,
			);
			name = LaunchScreen.storyboard;
			sourceTree = "<group>";
		};
/* End PBXVariantGroup section */

/* Begin XCBuildConfiguration section */
		C045F945200A107E00B49F76 /* Debug */ = {
			isa = XCBuildConfiguration;
			buildSettings = {
				ALWAYS_SEARCH_USER_PATHS = NO;
				CLANG_ANALYZER_NONNULL = YES;
				CLANG_ANALYZER_NUMBER_OBJECT_CONVERSION = YES_AGGRESSIVE;
				CLANG_CXX_LANGUAGE_STANDARD = "gnu++14";
				CLANG_CXX_LIBRARY = "libc++";
				CLANG_ENABLE_MODULES = YES;
				CLANG_ENABLE_OBJC_ARC = YES;
				CLANG_WARN_BLOCK_CAPTURE_AUTORELEASING = YES;
				CLANG_WARN_BOOL_CONVERSION = YES;
				CLANG_WARN_COMMA = YES;
				CLANG_WARN_CONSTANT_CONVERSION = YES;
				CLANG_WARN_DIRECT_OBJC_ISA_USAGE = YES_ERROR;
				CLANG_WARN_DOCUMENTATION_COMMENTS = YES;
				CLANG_WARN_EMPTY_BODY = YES;
				CLANG_WARN_ENUM_CONVERSION = YES;
				CLANG_WARN_INFINITE_RECURSION = YES;
				CLANG_WARN_INT_CONVERSION = YES;
				CLANG_WARN_NON_LITERAL_NULL_CONVERSION = YES;
				CLANG_WARN_OBJC_LITERAL_CONVERSION = YES;
				CLANG_WARN_OBJC_ROOT_CLASS = YES_ERROR;
				CLANG_WARN_RANGE_LOOP_ANALYSIS = YES;
				CLANG_WARN_STRICT_PROTOTYPES = YES;
				CLANG_WARN_SUSPICIOUS_MOVE = YES;
				CLANG_WARN_UNGUARDED_AVAILABILITY = YES_AGGRESSIVE;
				CLANG_WARN_UNREACHABLE_CODE = YES;
				CLANG_WARN__DUPLICATE_METHOD_MATCH = YES;
				CODE_SIGN_IDENTITY = "iPhone Developer";
				COPY_PHASE_STRIP = NO;
				DEBUG_INFORMATION_FORMAT = dwarf;
				ENABLE_STRICT_OBJC_MSGSEND = YES;
				ENABLE_TESTABILITY = YES;
				GCC_C_LANGUAGE_STANDARD = gnu11;
				GCC_DYNAMIC_NO_PIC = NO;
				GCC_NO_COMMON_BLOCKS = YES;
				GCC_OPTIMIZATION_LEVEL = 0;
				GCC_PREPROCESSOR_DEFINITIONS = (
					"DEBUG=1",
					"$(inherited)",
				);
				GCC_WARN_64_TO_32_BIT_CONVERSION = YES;
				GCC_WARN_ABOUT_RETURN_TYPE = YES_ERROR;
				GCC_WARN_UNDECLARED_SELECTOR = YES;
				GCC_WARN_UNINITIALIZED_AUTOS = YES_AGGRESSIVE;
				GCC_WARN_UNUSED_FUNCTION = YES;
				GCC_WARN_UNUSED_VARIABLE = YES;
				IPHONEOS_DEPLOYMENT_TARGET = 8.0;
				MTL_ENABLE_DEBUG_INFO = YES;
				ONLY_ACTIVE_ARCH = YES;
				SDKROOT = iphoneos;
				SWIFT_ACTIVE_COMPILATION_CONDITIONS = DEBUG;
				SWIFT_OPTIMIZATION_LEVEL = "-Onone";
			};
			name = Debug;
		};
		C045F946200A107E00B49F76 /* Release */ = {
			isa = XCBuildConfiguration;
			buildSettings = {
				ALWAYS_SEARCH_USER_PATHS = NO;
				CLANG_ANALYZER_NONNULL = YES;
				CLANG_ANALYZER_NUMBER_OBJECT_CONVERSION = YES_AGGRESSIVE;
				CLANG_CXX_LANGUAGE_STANDARD = "gnu++14";
				CLANG_CXX_LIBRARY = "libc++";
				CLANG_ENABLE_MODULES = YES;
				CLANG_ENABLE_OBJC_ARC = YES;
				CLANG_WARN_BLOCK_CAPTURE_AUTORELEASING = YES;
				CLANG_WARN_BOOL_CONVERSION = YES;
				CLANG_WARN_COMMA = YES;
				CLANG_WARN_CONSTANT_CONVERSION = YES;
				CLANG_WARN_DIRECT_OBJC_ISA_USAGE = YES_ERROR;
				CLANG_WARN_DOCUMENTATION_COMMENTS = YES;
				CLANG_WARN_EMPTY_BODY = YES;
				CLANG_WARN_ENUM_CONVERSION = YES;
				CLANG_WARN_INFINITE_RECURSION = YES;
				CLANG_WARN_INT_CONVERSION = YES;
				CLANG_WARN_NON_LITERAL_NULL_CONVERSION = YES;
				CLANG_WARN_OBJC_LITERAL_CONVERSION = YES;
				CLANG_WARN_OBJC_ROOT_CLASS = YES_ERROR;
				CLANG_WARN_RANGE_LOOP_ANALYSIS = YES;
				CLANG_WARN_STRICT_PROTOTYPES = YES;
				CLANG_WARN_SUSPICIOUS_MOVE = YES;
				CLANG_WARN_UNGUARDED_AVAILABILITY = YES_AGGRESSIVE;
				CLANG_WARN_UNREACHABLE_CODE = YES;
				CLANG_WARN__DUPLICATE_METHOD_MATCH = YES;
				CODE_SIGN_IDENTITY = "iPhone Developer";
				COPY_PHASE_STRIP = NO;
				DEBUG_INFORMATION_FORMAT = "dwarf-with-dsym";
				ENABLE_NS_ASSERTIONS = NO;
				ENABLE_STRICT_OBJC_MSGSEND = YES;
				GCC_C_LANGUAGE_STANDARD = gnu11;
				GCC_NO_COMMON_BLOCKS = YES;
				GCC_WARN_64_TO_32_BIT_CONVERSION = YES;
				GCC_WARN_ABOUT_RETURN_TYPE = YES_ERROR;
				GCC_WARN_UNDECLARED_SELECTOR = YES;
				GCC_WARN_UNINITIALIZED_AUTOS = YES_AGGRESSIVE;
				GCC_WARN_UNUSED_FUNCTION = YES;
				GCC_WARN_UNUSED_VARIABLE = YES;
				IPHONEOS_DEPLOYMENT_TARGET = 8.0;
				MTL_ENABLE_DEBUG_INFO = NO;
				SDKROOT = iphoneos;
				SWIFT_OPTIMIZATION_LEVEL = "-Owholemodule";
				VALIDATE_PRODUCT = YES;
			};
			name = Release;
		};
		C045F948200A107E00B49F76 /* Debug */ = {
			isa = XCBuildConfiguration;
			buildSettings = {
				ASSETCATALOG_COMPILER_APPICON_NAME = AppIcon;
				CODE_SIGN_STYLE = Manual;
				DEVELOPMENT_TEAM = UFDRDLP93Y;
				INFOPLIST_FILE = ZRChat/Info.plist;
				IPHONEOS_DEPLOYMENT_TARGET = 8.0;
				LD_RUNPATH_SEARCH_PATHS = "$(inherited) @executable_path/Frameworks";
				PRODUCT_BUNDLE_IDENTIFIER = com.zero.ZRChat;
				PRODUCT_NAME = "$(TARGET_NAME)";
				PROVISIONING_PROFILE = "1bc967f9-ad88-429f-976d-73fe21914774";
				PROVISIONING_PROFILE_SPECIFIER = "zero's Development";
				SWIFT_VERSION = 4.0;
				TARGETED_DEVICE_FAMILY = "1,2";
			};
			name = Debug;
		};
		C045F949200A107E00B49F76 /* Release */ = {
			isa = XCBuildConfiguration;
			buildSettings = {
				ASSETCATALOG_COMPILER_APPICON_NAME = AppIcon;
				CODE_SIGN_STYLE = Manual;
				DEVELOPMENT_TEAM = "";
				INFOPLIST_FILE = ZRChat/Info.plist;
				IPHONEOS_DEPLOYMENT_TARGET = 8.0;
				LD_RUNPATH_SEARCH_PATHS = "$(inherited) @executable_path/Frameworks";
				PRODUCT_BUNDLE_IDENTIFIER = com.zero.ZRChat;
				PRODUCT_NAME = "$(TARGET_NAME)";
				PROVISIONING_PROFILE_SPECIFIER = "";
				SWIFT_VERSION = 4.0;
				TARGETED_DEVICE_FAMILY = "1,2";
			};
			name = Release;
		};
		C045F94B200A107E00B49F76 /* Debug */ = {
			isa = XCBuildConfiguration;
			buildSettings = {
				ALWAYS_EMBED_SWIFT_STANDARD_LIBRARIES = YES;
				BUNDLE_LOADER = "$(TEST_HOST)";
				CODE_SIGN_STYLE = Automatic;
				INFOPLIST_FILE = ZRChatTests/Info.plist;
				LD_RUNPATH_SEARCH_PATHS = "$(inherited) @executable_path/Frameworks @loader_path/Frameworks";
				PRODUCT_BUNDLE_IDENTIFIER = com.zero.ZRChatTests;
				PRODUCT_NAME = "$(TARGET_NAME)";
				SWIFT_VERSION = 4.0;
				TARGETED_DEVICE_FAMILY = "1,2";
				TEST_HOST = "$(BUILT_PRODUCTS_DIR)/ZRChat.app/ZRChat";
			};
			name = Debug;
		};
		C045F94C200A107E00B49F76 /* Release */ = {
			isa = XCBuildConfiguration;
			buildSettings = {
				ALWAYS_EMBED_SWIFT_STANDARD_LIBRARIES = YES;
				BUNDLE_LOADER = "$(TEST_HOST)";
				CODE_SIGN_STYLE = Automatic;
				INFOPLIST_FILE = ZRChatTests/Info.plist;
				LD_RUNPATH_SEARCH_PATHS = "$(inherited) @executable_path/Frameworks @loader_path/Frameworks";
				PRODUCT_BUNDLE_IDENTIFIER = com.zero.ZRChatTests;
				PRODUCT_NAME = "$(TARGET_NAME)";
				SWIFT_VERSION = 4.0;
				TARGETED_DEVICE_FAMILY = "1,2";
				TEST_HOST = "$(BUILT_PRODUCTS_DIR)/ZRChat.app/ZRChat";
			};
			name = Release;
		};
		C045F94E200A107E00B49F76 /* Debug */ = {
			isa = XCBuildConfiguration;
			buildSettings = {
				ALWAYS_EMBED_SWIFT_STANDARD_LIBRARIES = YES;
				CODE_SIGN_STYLE = Automatic;
				INFOPLIST_FILE = ZRChatUITests/Info.plist;
				LD_RUNPATH_SEARCH_PATHS = "$(inherited) @executable_path/Frameworks @loader_path/Frameworks";
				PRODUCT_BUNDLE_IDENTIFIER = com.zero.ZRChatUITests;
				PRODUCT_NAME = "$(TARGET_NAME)";
				SWIFT_VERSION = 4.0;
				TARGETED_DEVICE_FAMILY = "1,2";
				TEST_TARGET_NAME = ZRChat;
			};
			name = Debug;
		};
		C045F94F200A107E00B49F76 /* Release */ = {
			isa = XCBuildConfiguration;
			buildSettings = {
				ALWAYS_EMBED_SWIFT_STANDARD_LIBRARIES = YES;
				CODE_SIGN_STYLE = Automatic;
				INFOPLIST_FILE = ZRChatUITests/Info.plist;
				LD_RUNPATH_SEARCH_PATHS = "$(inherited) @executable_path/Frameworks @loader_path/Frameworks";
				PRODUCT_BUNDLE_IDENTIFIER = com.zero.ZRChatUITests;
				PRODUCT_NAME = "$(TARGET_NAME)";
				SWIFT_VERSION = 4.0;
				TARGETED_DEVICE_FAMILY = "1,2";
				TEST_TARGET_NAME = ZRChat;
			};
			name = Release;
		};
/* End XCBuildConfiguration section */

/* Begin XCConfigurationList section */
		C045F91A200A107D00B49F76 /* Build configuration list for PBXProject "ZRChat" */ = {
			isa = XCConfigurationList;
			buildConfigurations = (
				C045F945200A107E00B49F76 /* Debug */,
				C045F946200A107E00B49F76 /* Release */,
			);
			defaultConfigurationIsVisible = 0;
			defaultConfigurationName = Release;
		};
		C045F947200A107E00B49F76 /* Build configuration list for PBXNativeTarget "ZRChat" */ = {
			isa = XCConfigurationList;
			buildConfigurations = (
				C045F948200A107E00B49F76 /* Debug */,
				C045F949200A107E00B49F76 /* Release */,
			);
			defaultConfigurationIsVisible = 0;
			defaultConfigurationName = Release;
		};
		C045F94A200A107E00B49F76 /* Build configuration list for PBXNativeTarget "ZRChatTests" */ = {
			isa = XCConfigurationList;
			buildConfigurations = (
				C045F94B200A107E00B49F76 /* Debug */,
				C045F94C200A107E00B49F76 /* Release */,
			);
			defaultConfigurationIsVisible = 0;
			defaultConfigurationName = Release;
		};
		C045F94D200A107E00B49F76 /* Build configuration list for PBXNativeTarget "ZRChatUITests" */ = {
			isa = XCConfigurationList;
			buildConfigurations = (
				C045F94E200A107E00B49F76 /* Debug */,
				C045F94F200A107E00B49F76 /* Release */,
			);
			defaultConfigurationIsVisible = 0;
			defaultConfigurationName = Release;
		};
/* End XCConfigurationList section */
	};
	rootObject = C045F917200A107D00B49F76 /* Project object */;
}
